
Microsoft Visual Studio Solution File, Format Version 12.00
# Visual Studio Version 17
VisualStudioVersion = 17.11.35327.3
MinimumVisualStudioVersion = 10.0.40219.1
Project("{9A19103F-16F7-4668-BE54-9A1E7A4F7556}") = "FIAP.Secretaria.Application", "src\FIAP.Secretaria.Application\FIAP.Secretaria.Application.csproj", "{12BBCF0E-713D-4998-BB1A-29CB496905EF}"
EndProject
Project("{9A19103F-16F7-4668-BE54-9A1E7A4F7556}") = "FIAP.Secretaria.Infrastructure", "src\FIAP.Secretaria.Infrastructure\FIAP.Secretaria.Infrastructure.csproj", "{40C5E994-51EC-4782-8076-54EE483097AB}"
EndProject
Project("{9A19103F-16F7-4668-BE54-9A1E7A4F7556}") = "FIAP.Secretaria.Shared", "src\FIAP.Secretaria.Shared\FIAP.Secretaria.Shared.csproj", "{0AF02105-C9AE-4A27-B215-A9ADCD50AFD2}"
EndProject
Project("{2150E333-8FDC-42A3-9474-1A3956D46DE8}") = "Tests", "Tests", "{1DE5D984-C733-49A8-A3AE-3BF5CB5EF48F}"
EndProject
Project("{9A19103F-16F7-4668-BE54-9A1E7A4F7556}") = "FIAP.Secretaria.UnitTests", "tests\FIAP.Secretaria.UnitTests\FIAP.Secretaria.UnitTests.csproj", "{DE808AAA-B2FE-4A32-94AE-33F909DEC816}"
EndProject
Project("{9A19103F-16F7-4668-BE54-9A1E7A4F7556}") = "FIAP.Secretaria.WebApi", "src\FIAP.Secretaria.WebApi\FIAP.Secretaria.WebApi.csproj", "{6B1118A3-0CC0-413F-A9DF-2D7B9AC1A7AB}"
EndProject
Project("{9A19103F-16F7-4668-BE54-9A1E7A4F7556}") = "FIAP.Secretaria.Domain", "src\FIAP.Secretaria.Domain\FIAP.Secretaria.Domain.csproj", "{379A5282-82D4-4E27-9CC0-0B686F4C6966}"
EndProject
Global
	GlobalSection(SolutionConfigurationPlatforms) = preSolution
		Debug|Any CPU = Debug|Any CPU
		Release|Any CPU = Release|Any CPU
	EndGlobalSection
	GlobalSection(ProjectConfigurationPlatforms) = postSolution
		{12BBCF0E-713D-4998-BB1A-29CB496905EF}.Debug|Any CPU.ActiveCfg = Debug|Any CPU
		{12BBCF0E-713D-4998-BB1A-29CB496905EF}.Debug|Any CPU.Build.0 = Debug|Any CPU
		{12BBCF0E-713D-4998-BB1A-29CB496905EF}.Release|Any CPU.ActiveCfg = Release|Any CPU
		{12BBCF0E-713D-4998-BB1A-29CB496905EF}.Release|Any CPU.Build.0 = Release|Any CPU
		{40C5E994-51EC-4782-8076-54EE483097AB}.Debug|Any CPU.ActiveCfg = Debug|Any CPU
		{40C5E994-51EC-4782-8076-54EE483097AB}.Debug|Any CPU.Build.0 = Debug|Any CPU
		{40C5E994-51EC-4782-8076-54EE483097AB}.Release|Any CPU.ActiveCfg = Release|Any CPU
		{40C5E994-51EC-4782-8076-54EE483097AB}.Release|Any CPU.Build.0 = Release|Any CPU
		{0AF02105-C9AE-4A27-B215-A9ADCD50AFD2}.Debug|Any CPU.ActiveCfg = Debug|Any CPU
		{0AF02105-C9AE-4A27-B215-A9ADCD50AFD2}.Debug|Any CPU.Build.0 = Debug|Any CPU
		{0AF02105-C9AE-4A27-B215-A9ADCD50AFD2}.Release|Any CPU.ActiveCfg = Release|Any CPU
		{0AF02105-C9AE-4A27-B215-A9ADCD50AFD2}.Release|Any CPU.Build.0 = Release|Any CPU
		{DE808AAA-B2FE-4A32-94AE-33F909DEC816}.Debug|Any CPU.ActiveCfg = Debug|Any CPU
		{DE808AAA-B2FE-4A32-94AE-33F909DEC816}.Debug|Any CPU.Build.0 = Debug|Any CPU
		{DE808AAA-B2FE-4A32-94AE-33F909DEC816}.Release|Any CPU.ActiveCfg = Release|Any CPU
		{DE808AAA-B2FE-4A32-94AE-33F909DEC816}.Release|Any CPU.Build.0 = Release|Any CPU
		{6B1118A3-0CC0-413F-A9DF-2D7B9AC1A7AB}.Debug|Any CPU.ActiveCfg = Debug|Any CPU
		{6B1118A3-0CC0-413F-A9DF-2D7B9AC1A7AB}.Debug|Any CPU.Build.0 = Debug|Any CPU
		{6B1118A3-0CC0-413F-A9DF-2D7B9AC1A7AB}.Release|Any CPU.ActiveCfg = Release|Any CPU
		{6B1118A3-0CC0-413F-A9DF-2D7B9AC1A7AB}.Release|Any CPU.Build.0 = Release|Any CPU
		{379A5282-82D4-4E27-9CC0-0B686F4C6966}.Debug|Any CPU.ActiveCfg = Debug|Any CPU
		{379A5282-82D4-4E27-9CC0-0B686F4C6966}.Debug|Any CPU.Build.0 = Debug|Any CPU
		{379A5282-82D4-4E27-9CC0-0B686F4C6966}.Release|Any CPU.ActiveCfg = Release|Any CPU
		{379A5282-82D4-4E27-9CC0-0B686F4C6966}.Release|Any CPU.Build.0 = Release|Any CPU
	EndGlobalSection
	GlobalSection(SolutionProperties) = preSolution
		HideSolutionNode = FALSE
	EndGlobalSection
	GlobalSection(NestedProjects) = preSolution
		{DE808AAA-B2FE-4A32-94AE-33F909DEC816} = {1DE5D984-C733-49A8-A3AE-3BF5CB5EF48F}
	EndGlobalSection
	GlobalSection(ExtensibilityGlobals) = postSolution
		SolutionGuid = {F64B9C5B-B339-45E9-8E64-080F1A1F3DE1}
	EndGlobalSection
EndGlobal
